// !$*UTF8*$!
{
	archiveVersion = 1;
	classes = {
	};
	objectVersion = 56;
	objects = {

/* Begin PBXBuildFile section */
		5E1127FC2B02799C00ACED60 /* Three_letter_wordApp.swift in Sources */ = {isa = PBXBuildFile; fileRef = 5E1127FB2B02799C00ACED60 /* Three_letter_wordApp.swift */; };
		5E1127FE2B02799C00ACED60 /* ContentView.swift in Sources */ = {isa = PBXBuildFile; fileRef = 5E1127FD2B02799C00ACED60 /* ContentView.swift */; };
		5E1128002B02799E00ACED60 /* Assets.xcassets in Resources */ = {isa = PBXBuildFile; fileRef = 5E1127FF2B02799E00ACED60 /* Assets.xcassets */; };
		5E1128032B02799E00ACED60 /* Preview Assets.xcassets in Resources */ = {isa = PBXBuildFile; fileRef = 5E1128022B02799E00ACED60 /* Preview Assets.xcassets */; };
		5E11280D2B02799E00ACED60 /* Three_letter_wordTests.swift in Sources */ = {isa = PBXBuildFile; fileRef = 5E11280C2B02799E00ACED60 /* Three_letter_wordTests.swift */; };
		5E1128172B02799E00ACED60 /* Three_letter_wordUITests.swift in Sources */ = {isa = PBXBuildFile; fileRef = 5E1128162B02799E00ACED60 /* Three_letter_wordUITests.swift */; };
		5E1128192B02799E00ACED60 /* Three_letter_wordUITestsLaunchTests.swift in Sources */ = {isa = PBXBuildFile; fileRef = 5E1128182B02799E00ACED60 /* Three_letter_wordUITestsLaunchTests.swift */; };
/* End PBXBuildFile section */

/* Begin PBXContainerItemProxy section */
		5E1128092B02799E00ACED60 /* PBXContainerItemProxy */ = {
			isa = PBXContainerItemProxy;
			containerPortal = 5E1127F02B02799C00ACED60 /* Project object */;
			proxyType = 1;
			remoteGlobalIDString = 5E1127F72B02799C00ACED60;
			remoteInfo = "Three letter word";
		};
		5E1128132B02799E00ACED60 /* PBXContainerItemProxy */ = {
			isa = PBXContainerItemProxy;
			containerPortal = 5E1127F02B02799C00ACED60 /* Project object */;
			proxyType = 1;
			remoteGlobalIDString = 5E1127F72B02799C00ACED60;
			remoteInfo = "Three letter word";
		};
/* End PBXContainerItemProxy section */

/* Begin PBXFileReference section */
		5E1127F82B02799C00ACED60 /* Three letter word.app */ = {isa = PBXFileReference; explicitFileType = wrapper.application; includeInIndex = 0; path = "Three letter word.app"; sourceTree = BUILT_PRODUCTS_DIR; };
		5E1127FB2B02799C00ACED60 /* Three_letter_wordApp.swift */ = {isa = PBXFileReference; lastKnownFileType = sourcecode.swift; path = Three_letter_wordApp.swift; sourceTree = "<group>"; };
		5E1127FD2B02799C00ACED60 /* ContentView.swift */ = {isa = PBXFileReference; lastKnownFileType = sourcecode.swift; path = ContentView.swift; sourceTree = "<group>"; };
		5E1127FF2B02799E00ACED60 /* Assets.xcassets */ = {isa = PBXFileReference; lastKnownFileType = folder.assetcatalog; path = Assets.xcassets; sourceTree = "<group>"; };
		5E1128022B02799E00ACED60 /* Preview Assets.xcassets */ = {isa = PBXFileReference; lastKnownFileType = folder.assetcatalog; path = "Preview Assets.xcassets"; sourceTree = "<group>"; };
		5E1128082B02799E00ACED60 /* Three letter wordTests.xctest */ = {isa = PBXFileReference; explicitFileType = wrapper.cfbundle; includeInIndex = 0; path = "Three letter wordTests.xctest"; sourceTree = BUILT_PRODUCTS_DIR; };
		5E11280C2B02799E00ACED60 /* Three_letter_wordTests.swift */ = {isa = PBXFileReference; lastKnownFileType = sourcecode.swift; path = Three_letter_wordTests.swift; sourceTree = "<group>"; };
		5E1128122B02799E00ACED60 /* Three letter wordUITests.xctest */ = {isa = PBXFileReference; explicitFileType = wrapper.cfbundle; includeInIndex = 0; path = "Three letter wordUITests.xctest"; sourceTree = BUILT_PRODUCTS_DIR; };
		5E1128162B02799E00ACED60 /* Three_letter_wordUITests.swift */ = {isa = PBXFileReference; lastKnownFileType = sourcecode.swift; path = Three_letter_wordUITests.swift; sourceTree = "<group>"; };
		5E1128182B02799E00ACED60 /* Three_letter_wordUITestsLaunchTests.swift */ = {isa = PBXFileReference; lastKnownFileType = sourcecode.swift; path = Three_letter_wordUITestsLaunchTests.swift; sourceTree = "<group>"; };
/* End PBXFileReference section */

/* Begin PBXFrameworksBuildPhase section */
		5E1127F52B02799C00ACED60 /* Frameworks */ = {
			isa = PBXFrameworksBuildPhase;
			buildActionMask = 2147483647;
			files = (
			);
			runOnlyForDeploymentPostprocessing = 0;
		};
		5E1128052B02799E00ACED60 /* Frameworks */ = {
			isa = PBXFrameworksBuildPhase;
			buildActionMask = 2147483647;
			files = (
			);
			runOnlyForDeploymentPostprocessing = 0;
		};
		5E11280F2B02799E00ACED60 /* Frameworks */ = {
			isa = PBXFrameworksBuildPhase;
			buildActionMask = 2147483647;
			files = (
			);
			runOnlyForDeploymentPostprocessing = 0;
		};
/* End PBXFrameworksBuildPhase section */

/* Begin PBXGroup section */
		5E1127EF2B02799C00ACED60 = {
			isa = PBXGroup;
			children = (
				5E1127FA2B02799C00ACED60 /* Three letter word */,
				5E11280B2B02799E00ACED60 /* Three letter wordTests */,
				5E1128152B02799E00ACED60 /* Three letter wordUITests */,
				5E1127F92B02799C00ACED60 /* Products */,
			);
			sourceTree = "<group>";
		};
		5E1127F92B02799C00ACED60 /* Products */ = {
			isa = PBXGroup;
			children = (
				5E1127F82B02799C00ACED60 /* Three letter word.app */,
				5E1128082B02799E00ACED60 /* Three letter wordTests.xctest */,
				5E1128122B02799E00ACED60 /* Three letter wordUITests.xctest */,
			);
			name = Products;
			sourceTree = "<group>";
		};
		5E1127FA2B02799C00ACED60 /* Three letter word */ = {
			isa = PBXGroup;
			children = (
				5E1127FB2B02799C00ACED60 /* Three_letter_wordApp.swift */,
				5E1127FD2B02799C00ACED60 /* ContentView.swift */,
				5E1127FF2B02799E00ACED60 /* Assets.xcassets */,
				5E1128012B02799E00ACED60 /* Preview Content */,
			);
			path = "Three letter word";
			sourceTree = "<group>";
		};
		5E1128012B02799E00ACED60 /* Preview Content */ = {
			isa = PBXGroup;
			children = (
				5E1128022B02799E00ACED60 /* Preview Assets.xcassets */,
			);
			path = "Preview Content";
			sourceTree = "<group>";
		};
		5E11280B2B02799E00ACED60 /* Three letter wordTests */ = {
			isa = PBXGroup;
			children = (
				5E11280C2B02799E00ACED60 /* Three_letter_wordTests.swift */,
			);
			path = "Three letter wordTests";
			sourceTree = "<group>";
		};
		5E1128152B02799E00ACED60 /* Three letter wordUITests */ = {
			isa = PBXGroup;
			children = (
				5E1128162B02799E00ACED60 /* Three_letter_wordUITests.swift */,
				5E1128182B02799E00ACED60 /* Three_letter_wordUITestsLaunchTests.swift */,
			);
			path = "Three letter wordUITests";
			sourceTree = "<group>";
		};
/* End PBXGroup section */

/* Begin PBXNativeTarget section */
		5E1127F72B02799C00ACED60 /* Three letter word */ = {
			isa = PBXNativeTarget;
			buildConfigurationList = 5E11281C2B02799E00ACED60 /* Build configuration list for PBXNativeTarget "Three letter word" */;
			buildPhases = (
				5E1127F42B02799C00ACED60 /* Sources */,
				5E1127F52B02799C00ACED60 /* Frameworks */,
				5E1127F62B02799C00ACED60 /* Resources */,
			);
			buildRules = (
			);
			dependencies = (
			);
			name = "Three letter word";
			productName = "Three letter word";
			productReference = 5E1127F82B02799C00ACED60 /* Three letter word.app */;
			productType = "com.apple.product-type.application";
		};
		5E1128072B02799E00ACED60 /* Three letter wordTests */ = {
			isa = PBXNativeTarget;
			buildConfigurationList = 5E11281F2B02799E00ACED60 /* Build configuration list for PBXNativeTarget "Three letter wordTests" */;
			buildPhases = (
				5E1128042B02799E00ACED60 /* Sources */,
				5E1128052B02799E00ACED60 /* Frameworks */,
				5E1128062B02799E00ACED60 /* Resources */,
			);
			buildRules = (
			);
			dependencies = (
				5E11280A2B02799E00ACED60 /* PBXTargetDependency */,
			);
			name = "Three letter wordTests";
			productName = "Three letter wordTests";
			productReference = 5E1128082B02799E00ACED60 /* Three letter wordTests.xctest */;
			productType = "com.apple.product-type.bundle.unit-test";
		};
		5E1128112B02799E00ACED60 /* Three letter wordUITests */ = {
			isa = PBXNativeTarget;
			buildConfigurationList = 5E1128222B02799E00ACED60 /* Build configuration list for PBXNativeTarget "Three letter wordUITests" */;
			buildPhases = (
				5E11280E2B02799E00ACED60 /* Sources */,
				5E11280F2B02799E00ACED60 /* Frameworks */,
				5E1128102B02799E00ACED60 /* Resources */,
			);
			buildRules = (
			);
			dependencies = (
				5E1128142B02799E00ACED60 /* PBXTargetDependency */,
			);
			name = "Three letter wordUITests";
			productName = "Three letter wordUITests";
			productReference = 5E1128122B02799E00ACED60 /* Three letter wordUITests.xctest */;
			productType = "com.apple.product-type.bundle.ui-testing";
		};
/* End PBXNativeTarget section */

/* Begin PBXProject section */
		5E1127F02B02799C00ACED60 /* Project object */ = {
			isa = PBXProject;
			attributes = {
				BuildIndependentTargetsInParallel = 1;
				LastSwiftUpdateCheck = 1430;
				LastUpgradeCheck = 1430;
				TargetAttributes = {
					5E1127F72B02799C00ACED60 = {
						CreatedOnToolsVersion = 14.3.1;
					};
					5E1128072B02799E00ACED60 = {
						CreatedOnToolsVersion = 14.3.1;
						TestTargetID = 5E1127F72B02799C00ACED60;
					};
					5E1128112B02799E00ACED60 = {
						CreatedOnToolsVersion = 14.3.1;
						TestTargetID = 5E1127F72B02799C00ACED60;
					};
				};
			};
			buildConfigurationList = 5E1127F32B02799C00ACED60 /* Build configuration list for PBXProject "Three letter word" */;
			compatibilityVersion = "Xcode 14.0";
			developmentRegion = en;
			hasScannedForEncodings = 0;
			knownRegions = (
				en,
				Base,
			);
			mainGroup = 5E1127EF2B02799C00ACED60;
			productRefGroup = 5E1127F92B02799C00ACED60 /* Products */;
			projectDirPath = "";
			projectRoot = "";
			targets = (
				5E1127F72B02799C00ACED60 /* Three letter word */,
				5E1128072B02799E00ACED60 /* Three letter wordTests */,
				5E1128112B02799E00ACED60 /* Three letter wordUITests */,
			);
		};
/* End PBXProject section */

/* Begin PBXResourcesBuildPhase section */
		5E1127F62B02799C00ACED60 /* Resources */ = {
			isa = PBXResourcesBuildPhase;
			buildActionMask = 2147483647;
			files = (
				5E1128032B02799E00ACED60 /* Preview Assets.xcassets in Resources */,
				5E1128002B02799E00ACED60 /* Assets.xcassets in Resources */,
			);
			runOnlyForDeploymentPostprocessing = 0;
		};
		5E1128062B02799E00ACED60 /* Resources */ = {
			isa = PBXResourcesBuildPhase;
			buildActionMask = 2147483647;
			files = (
			);
			runOnlyForDeploymentPostprocessing = 0;
		};
		5E1128102B02799E00ACED60 /* Resources */ = {
			isa = PBXResourcesBuildPhase;
			buildActionMask = 2147483647;
			files = (
			);
			runOnlyForDeploymentPostprocessing = 0;
		};
/* End PBXResourcesBuildPhase section */

/* Begin PBXSourcesBuildPhase section */
		5E1127F42B02799C00ACED60 /* Sources */ = {
			isa = PBXSourcesBuildPhase;
			buildActionMask = 2147483647;
			files = (
				5E1127FE2B02799C00ACED60 /* ContentView.swift in Sources */,
				5E1127FC2B02799C00ACED60 /* Three_letter_wordApp.swift in Sources */,
			);
			runOnlyForDeploymentPostprocessing = 0;
		};
		5E1128042B02799E00ACED60 /* Sources */ = {
			isa = PBXSourcesBuildPhase;
			buildActionMask = 2147483647;
			files = (
				5E11280D2B02799E00ACED60 /* Three_letter_wordTests.swift in Sources */,
			);
			runOnlyForDeploymentPostprocessing = 0;
		};
		5E11280E2B02799E00ACED60 /* Sources */ = {
			isa = PBXSourcesBuildPhase;
			buildActionMask = 2147483647;
			files = (
				5E1128172B02799E00ACED60 /* Three_letter_wordUITests.swift in Sources */,
				5E1128192B02799E00ACED60 /* Three_letter_wordUITestsLaunchTests.swift in Sources */,
			);
			runOnlyForDeploymentPostprocessing = 0;
		};
/* End PBXSourcesBuildPhase section */

/* Begin PBXTargetDependency section */
		5E11280A2B02799E00ACED60 /* PBXTargetDependency */ = {
			isa = PBXTargetDependency;
			target = 5E1127F72B02799C00ACED60 /* Three letter word */;
			targetProxy = 5E1128092B02799E00ACED60 /* PBXContainerItemProxy */;
		};
		5E1128142B02799E00ACED60 /* PBXTargetDependency */ = {
			isa = PBXTargetDependency;
			target = 5E1127F72B02799C00ACED60 /* Three letter word */;
			targetProxy = 5E1128132B02799E00ACED60 /* PBXContainerItemProxy */;
		};
/* End PBXTargetDependency section */

/* Begin XCBuildConfiguration section */
		5E11281A2B02799E00ACED60 /* Debug */ = {
			isa = XCBuildConfiguration;
			buildSettings = {
				ALWAYS_SEARCH_USER_PATHS = NO;
				CLANG_ANALYZER_NONNULL = YES;
				CLANG_ANALYZER_NUMBER_OBJECT_CONVERSION = YES_AGGRESSIVE;
				CLANG_CXX_LANGUAGE_STANDARD = "gnu++20";
				CLANG_ENABLE_MODULES = YES;
				CLANG_ENABLE_OBJC_ARC = YES;
				CLANG_ENABLE_OBJC_WEAK = YES;
				CLANG_WARN_BLOCK_CAPTURE_AUTORELEASING = YES;
				CLANG_WARN_BOOL_CONVERSION = YES;
				CLANG_WARN_COMMA = YES;
				CLANG_WARN_CONSTANT_CONVERSION = YES;
				CLANG_WARN_DEPRECATED_OBJC_IMPLEMENTATIONS = YES;
				CLANG_WARN_DIRECT_OBJC_ISA_USAGE = YES_ERROR;
				CLANG_WARN_DOCUMENTATION_COMMENTS = YES;
				CLANG_WARN_EMPTY_BODY = YES;
				CLANG_WARN_ENUM_CONVERSION = YES;
				CLANG_WARN_INFINITE_RECURSION = YES;
				CLANG_WARN_INT_CONVERSION = YES;
				CLANG_WARN_NON_LITERAL_NULL_CONVERSION = YES;
				CLANG_WARN_OBJC_IMPLICIT_RETAIN_SELF = YES;
				CLANG_WARN_OBJC_LITERAL_CONVERSION = YES;
				CLANG_WARN_OBJC_ROOT_CLASS = YES_ERROR;
				CLANG_WARN_QUOTED_INCLUDE_IN_FRAMEWORK_HEADER = YES;
				CLANG_WARN_RANGE_LOOP_ANALYSIS = YES;
				CLANG_WARN_STRICT_PROTOTYPES = YES;
				CLANG_WARN_SUSPICIOUS_MOVE = YES;
				CLANG_WARN_UNGUARDED_AVAILABILITY = YES_AGGRESSIVE;
				CLANG_WARN_UNREACHABLE_CODE = YES;
				CLANG_WARN__DUPLICATE_METHOD_MATCH = YES;
				COPY_PHASE_STRIP = NO;
				DEBUG_INFORMATION_FORMAT = dwarf;
				ENABLE_STRICT_OBJC_MSGSEND = YES;
				ENABLE_TESTABILITY = YES;
				GCC_C_LANGUAGE_STANDARD = gnu11;
				GCC_DYNAMIC_NO_PIC = NO;
				GCC_NO_COMMON_BLOCKS = YES;
				GCC_OPTIMIZATION_LEVEL = 0;
				GCC_PREPROCESSOR_DEFINITIONS = (
					"DEBUG=1",
					"$(inherited)",
				);
				GCC_WARN_64_TO_32_BIT_CONVERSION = YES;
				GCC_WARN_ABOUT_RETURN_TYPE = YES_ERROR;
				GCC_WARN_UNDECLARED_SELECTOR = YES;
				GCC_WARN_UNINITIALIZED_AUTOS = YES_AGGRESSIVE;
				GCC_WARN_UNUSED_FUNCTION = YES;
				GCC_WARN_UNUSED_VARIABLE = YES;
				IPHONEOS_DEPLOYMENT_TARGET = 16.4;
				MTL_ENABLE_DEBUG_INFO = INCLUDE_SOURCE;
				MTL_FAST_MATH = YES;
				ONLY_ACTIVE_ARCH = YES;
				SDKROOT = iphoneos;
				SWIFT_ACTIVE_COMPILATION_CONDITIONS = DEBUG;
				SWIFT_OPTIMIZATION_LEVEL = "-Onone";
			};
			name = Debug;
		};
		5E11281B2B02799E00ACED60 /* Release */ = {
			isa = XCBuildConfiguration;
			buildSettings = {
				ALWAYS_SEARCH_USER_PATHS = NO;
				CLANG_ANALYZER_NONNULL = YES;
				CLANG_ANALYZER_NUMBER_OBJECT_CONVERSION = YES_AGGRESSIVE;
				CLANG_CXX_LANGUAGE_STANDARD = "gnu++20";
				CLANG_ENABLE_MODULES = YES;
				CLANG_ENABLE_OBJC_ARC = YES;
				CLANG_ENABLE_OBJC_WEAK = YES;
				CLANG_WARN_BLOCK_CAPTURE_AUTORELEASING = YES;
				CLANG_WARN_BOOL_CONVERSION = YES;
				CLANG_WARN_COMMA = YES;
				CLANG_WARN_CONSTANT_CONVERSION = YES;
				CLANG_WARN_DEPRECATED_OBJC_IMPLEMENTATIONS = YES;
				CLANG_WARN_DIRECT_OBJC_ISA_USAGE = YES_ERROR;
				CLANG_WARN_DOCUMENTATION_COMMENTS = YES;
				CLANG_WARN_EMPTY_BODY = YES;
				CLANG_WARN_ENUM_CONVERSION = YES;
				CLANG_WARN_INFINITE_RECURSION = YES;
				CLANG_WARN_INT_CONVERSION = YES;
				CLANG_WARN_NON_LITERAL_NULL_CONVERSION = YES;
				CLANG_WARN_OBJC_IMPLICIT_RETAIN_SELF = YES;
				CLANG_WARN_OBJC_LITERAL_CONVERSION = YES;
				CLANG_WARN_OBJC_ROOT_CLASS = YES_ERROR;
				CLANG_WARN_QUOTED_INCLUDE_IN_FRAMEWORK_HEADER = YES;
				CLANG_WARN_RANGE_LOOP_ANALYSIS = YES;
				CLANG_WARN_STRICT_PROTOTYPES = YES;
				CLANG_WARN_SUSPICIOUS_MOVE = YES;
				CLANG_WARN_UNGUARDED_AVAILABILITY = YES_AGGRESSIVE;
				CLANG_WARN_UNREACHABLE_CODE = YES;
				CLANG_WARN__DUPLICATE_METHOD_MATCH = YES;
				COPY_PHASE_STRIP = NO;
				DEBUG_INFORMATION_FORMAT = "dwarf-with-dsym";
				ENABLE_NS_ASSERTIONS = NO;
				ENABLE_STRICT_OBJC_MSGSEND = YES;
				GCC_C_LANGUAGE_STANDARD = gnu11;
				GCC_NO_COMMON_BLOCKS = YES;
				GCC_WARN_64_TO_32_BIT_CONVERSION = YES;
				GCC_WARN_ABOUT_RETURN_TYPE = YES_ERROR;
				GCC_WARN_UNDECLARED_SELECTOR = YES;
				GCC_WARN_UNINITIALIZED_AUTOS = YES_AGGRESSIVE;
				GCC_WARN_UNUSED_FUNCTION = YES;
				GCC_WARN_UNUSED_VARIABLE = YES;
				IPHONEOS_DEPLOYMENT_TARGET = 16.4;
				MTL_ENABLE_DEBUG_INFO = NO;
				MTL_FAST_MATH = YES;
				SDKROOT = iphoneos;
				SWIFT_COMPILATION_MODE = wholemodule;
				SWIFT_OPTIMIZATION_LEVEL = "-O";
				VALIDATE_PRODUCT = YES;
			};
			name = Release;
		};
		5E11281D2B02799E00ACED60 /* Debug */ = {
			isa = XCBuildConfiguration;
			buildSettings = {
				ASSETCATALOG_COMPILER_APPICON_NAME = AppIcon;
				ASSETCATALOG_COMPILER_GLOBAL_ACCENT_COLOR_NAME = AccentColor;
				CODE_SIGN_STYLE = Automatic;
				CURRENT_PROJECT_VERSION = 1;
				DEVELOPMENT_ASSET_PATHS = "\"Three letter word/Preview Content\"";
				ENABLE_PREVIEWS = YES;
				GENERATE_INFOPLIST_FILE = YES;
				INFOPLIST_KEY_UIApplicationSceneManifest_Generation = YES;
				INFOPLIST_KEY_UIApplicationSupportsIndirectInputEvents = YES;
				INFOPLIST_KEY_UILaunchScreen_Generation = YES;
				INFOPLIST_KEY_UISupportedInterfaceOrientations_iPad = "UIInterfaceOrientationPortrait UIInterfaceOrientationPortraitUpsideDown UIInterfaceOrientationLandscapeLeft UIInterfaceOrientationLandscapeRight";
				INFOPLIST_KEY_UISupportedInterfaceOrientations_iPhone = "UIInterfaceOrientationPortrait UIInterfaceOrientationLandscapeLeft UIInterfaceOrientationLandscapeRight";
				LD_RUNPATH_SEARCH_PATHS = (
					"$(inherited)",
					"@executable_path/Frameworks",
				);
				MARKETING_VERSION = 1.0;
				PRODUCT_BUNDLE_IDENTIFIER = "Ethan.Three-letter-word";
				PRODUCT_NAME = "$(TARGET_NAME)";
				SWIFT_EMIT_LOC_STRINGS = YES;
				SWIFT_VERSION = 5.0;
				TARGETED_DEVICE_FAMILY = "1,2";
			};
			name = Debug;
		};
		5E11281E2B02799E00ACED60 /* Release */ = {
			isa = XCBuildConfiguration;
			buildSettings = {
				ASSETCATALOG_COMPILER_APPICON_NAME = AppIcon;
				ASSETCATALOG_COMPILER_GLOBAL_ACCENT_COLOR_NAME = AccentColor;
				CODE_SIGN_STYLE = Automatic;
				CURRENT_PROJECT_VERSION = 1;
				DEVELOPMENT_ASSET_PATHS = "\"Three letter word/Preview Content\"";
				ENABLE_PREVIEWS = YES;
				GENERATE_INFOPLIST_FILE = YES;
				INFOPLIST_KEY_UIApplicationSceneManifest_Generation = YES;
				INFOPLIST_KEY_UIApplicationSupportsIndirectInputEvents = YES;
				INFOPLIST_KEY_UILaunchScreen_Generation = YES;
				INFOPLIST_KEY_UISupportedInterfaceOrientations_iPad = "UIInterfaceOrientationPortrait UIInterfaceOrientationPortraitUpsideDown UIInterfaceOrientationLandscapeLeft UIInterfaceOrientationLandscapeRight";
				INFOPLIST_KEY_UISupportedInterfaceOrientations_iPhone = "UIInterfaceOrientationPortrait UIInterfaceOrientationLandscapeLeft UIInterfaceOrientationLandscapeRight";
				LD_RUNPATH_SEARCH_PATHS = (
					"$(inherited)",
					"@executable_path/Frameworks",
				);
				MARKETING_VERSION = 1.0;
				PRODUCT_BUNDLE_IDENTIFIER = "Ethan.Three-letter-word";
				PRODUCT_NAME = "$(TARGET_NAME)";
				SWIFT_EMIT_LOC_STRINGS = YES;
				SWIFT_VERSION = 5.0;
				TARGETED_DEVICE_FAMILY = "1,2";
			};
			name = Release;
		};
		5E1128202B02799E00ACED60 /* Debug */ = {
			isa = XCBuildConfiguration;
			buildSettings = {
				ALWAYS_EMBED_SWIFT_STANDARD_LIBRARIES = YES;
				BUNDLE_LOADER = "$(TEST_HOST)";
				CODE_SIGN_STYLE = Automatic;
				CURRENT_PROJECT_VERSION = 1;
				GENERATE_INFOPLIST_FILE = YES;
				IPHONEOS_DEPLOYMENT_TARGET = 16.4;
				MARKETING_VERSION = 1.0;
				PRODUCT_BUNDLE_IDENTIFIER = "Ethan.Three-letter-wordTests";
				PRODUCT_NAME = "$(TARGET_NAME)";
				SWIFT_EMIT_LOC_STRINGS = NO;
				SWIFT_VERSION = 5.0;
				TARGETED_DEVICE_FAMILY = "1,2";
				TEST_HOST = "$(BUILT_PRODUCTS_DIR)/Three letter word.app/$(BUNDLE_EXECUTABLE_FOLDER_PATH)/Three letter word";
			};
			name = Debug;
		};
		5E1128212B02799E00ACED60 /* Release */ = {
			isa = XCBuildConfiguration;
			buildSettings = {
				ALWAYS_EMBED_SWIFT_STANDARD_LIBRARIES = YES;
				BUNDLE_LOADER = "$(TEST_HOST)";
				CODE_SIGN_STYLE = Automatic;
				CURRENT_PROJECT_VERSION = 1;
				GENERATE_INFOPLIST_FILE = YES;
				IPHONEOS_DEPLOYMENT_TARGET = 16.4;
				MARKETING_VERSION = 1.0;
				PRODUCT_BUNDLE_IDENTIFIER = "Ethan.Three-letter-wordTests";
				PRODUCT_NAME = "$(TARGET_NAME)";
				SWIFT_EMIT_LOC_STRINGS = NO;
				SWIFT_VERSION = 5.0;
				TARGETED_DEVICE_FAMILY = "1,2";
				TEST_HOST = "$(BUILT_PRODUCTS_DIR)/Three letter word.app/$(BUNDLE_EXECUTABLE_FOLDER_PATH)/Three letter word";
			};
			name = Release;
		};
		5E1128232B02799E00ACED60 /* Debug */ = {
			isa = XCBuildConfiguration;
			buildSettings = {
				ALWAYS_EMBED_SWIFT_STANDARD_LIBRARIES = YES;
				CODE_SIGN_STYLE = Automatic;
				CURRENT_PROJECT_VERSION = 1;
				GENERATE_INFOPLIST_FILE = YES;
				MARKETING_VERSION = 1.0;
				PRODUCT_BUNDLE_IDENTIFIER = "Ethan.Three-letter-wordUITests";
				PRODUCT_NAME = "$(TARGET_NAME)";
				SWIFT_EMIT_LOC_STRINGS = NO;
				SWIFT_VERSION = 5.0;
				TARGETED_DEVICE_FAMILY = "1,2";
				TEST_TARGET_NAME = "Three letter word";
			};
			name = Debug;
		};
		5E1128242B02799E00ACED60 /* Release */ = {
			isa = XCBuildConfiguration;
			buildSettings = {
				ALWAYS_EMBED_SWIFT_STANDARD_LIBRARIES = YES;
				CODE_SIGN_STYLE = Automatic;
				CURRENT_PROJECT_VERSION = 1;
				GENERATE_INFOPLIST_FILE = YES;
				MARKETING_VERSION = 1.0;
				PRODUCT_BUNDLE_IDENTIFIER = "Ethan.Three-letter-wordUITests";
				PRODUCT_NAME = "$(TARGET_NAME)";
				SWIFT_EMIT_LOC_STRINGS = NO;
				SWIFT_VERSION = 5.0;
				TARGETED_DEVICE_FAMILY = "1,2";
				TEST_TARGET_NAME = "Three letter word";
			};
			name = Release;
		};
/* End XCBuildConfiguration section */

/* Begin XCConfigurationList section */
		5E1127F32B02799C00ACED60 /* Build configuration list for PBXProject "Three letter word" */ = {
			isa = XCConfigurationList;
			buildConfigurations = (
				5E11281A2B02799E00ACED60 /* Debug */,
				5E11281B2B02799E00ACED60 /* Release */,
			);
			defaultConfigurationIsVisible = 0;
			defaultConfigurationName = Release;
		};
		5E11281C2B02799E00ACED60 /* Build configuration list for PBXNativeTarget "Three letter word" */ = {
			isa = XCConfigurationList;
			buildConfigurations = (
				5E11281D2B02799E00ACED60 /* Debug */,
				5E11281E2B02799E00ACED60 /* Release */,
			);
			defaultConfigurationIsVisible = 0;
			defaultConfigurationName = Release;
		};
		5E11281F2B02799E00ACED60 /* Build configuration list for PBXNativeTarget "Three letter wordTests" */ = {
			isa = XCConfigurationList;
			buildConfigurations = (
				5E1128202B02799E00ACED60 /* Debug */,
				5E1128212B02799E00ACED60 /* Release */,
			);
			defaultConfigurationIsVisible = 0;
			defaultConfigurationName = Release;
		};
		5E1128222B02799E00ACED60 /* Build configuration list for PBXNativeTarget "Three letter wordUITests" */ = {
			isa = XCConfigurationList;
			buildConfigurations = (
				5E1128232B02799E00ACED60 /* Debug */,
				5E1128242B02799E00ACED60 /* Release */,
			);
			defaultConfigurationIsVisible = 0;
			defaultConfigurationName = Release;
		};
/* End XCConfigurationList section */
	};
	rootObject = 5E1127F02B02799C00ACED60 /* Project object */;
}
